
Microsoft Visual Studio Solution File, Format Version 12.00
# Visual Studio Version 16
VisualStudioVersion = 16.0.30517.126
MinimumVisualStudioVersion = 10.0.40219.1
Project("{FAE04EC0-301F-11D3-BF4B-00C04F79EFBC}") = "SideStars1", "SideStars1\SideStars1.csproj", "{0FD017D3-CE42-4EEF-B07C-993F89E9AD26}"
EndProject
Global
	GlobalSection(SolutionConfigurationPlatforms) = preSolution
		Debug|Any CPU = Debug|Any CPU
		Release|Any CPU = Release|Any CPU
	EndGlobalSection
	GlobalSection(ProjectConfigurationPlatforms) = postSolution
		{0FD017D3-CE42-4EEF-B07C-993F89E9AD26}.Debug|Any CPU.ActiveCfg = Debug|Any CPU
		{0FD017D3-CE42-4EEF-B07C-993F89E9AD26}.Debug|Any CPU.Build.0 = Debug|Any CPU
		{0FD017D3-CE42-4EEF-B07C-993F89E9AD26}.Release|Any CPU.ActiveCfg = Release|Any CPU
		{0FD017D3-CE42-4EEF-B07C-993F89E9AD26}.Release|Any CPU.Build.0 = Release|Any CPU
	EndGlobalSection
	GlobalSection(SolutionProperties) = preSolution
		HideSolutionNode = FALSE
	EndGlobalSection
	GlobalSection(ExtensibilityGlobals) = postSolution
		SolutionGuid = {67920C10-0721-42E0-8738-482E42353D22}
	EndGlobalSection
EndGlobal
